
Microsoft Visual Studio Solution File, Format Version 12.00
# Visual Studio Version 16
VisualStudioVersion = 16.0.29021.104
MinimumVisualStudioVersion = 10.0.40219.1
Project("{CC5FD16D-436D-48AD-A40C-5A424C6E3E79}") = "AzureCloudService", "AzureCloudService\AzureCloudService.ccproj", "{F4FEE0AE-D95C-499E-AC7D-6BF0F4716C07}"
EndProject
Project("{FAE04EC0-301F-11D3-BF4B-00C04F79EFBC}") = "WorkerRole", "WorkerRole\WorkerRole.csproj", "{DDB17F3A-1BEB-4C2D-B45B-7EBEA57C3131}"
EndProject
Project("{9A19103F-16F7-4668-BE54-9A1E7A4F7556}") = "NetCoreConsoleApp", "NetCoreConsoleApp\NetCoreConsoleApp.csproj", "{8611F02F-C458-489C-A9D4-C79E2ED68DE7}"
EndProject
Global
	GlobalSection(SolutionConfigurationPlatforms) = preSolution
		Debug|Any CPU = Debug|Any CPU
		Release|Any CPU = Release|Any CPU
	EndGlobalSection
	GlobalSection(ProjectConfigurationPlatforms) = postSolution
		{F4FEE0AE-D95C-499E-AC7D-6BF0F4716C07}.Debug|Any CPU.ActiveCfg = Debug|Any CPU
		{F4FEE0AE-D95C-499E-AC7D-6BF0F4716C07}.Debug|Any CPU.Build.0 = Debug|Any CPU
		{F4FEE0AE-D95C-499E-AC7D-6BF0F4716C07}.Release|Any CPU.ActiveCfg = Release|Any CPU
		{F4FEE0AE-D95C-499E-AC7D-6BF0F4716C07}.Release|Any CPU.Build.0 = Release|Any CPU
		{DDB17F3A-1BEB-4C2D-B45B-7EBEA57C3131}.Debug|Any CPU.ActiveCfg = Debug|Any CPU
		{DDB17F3A-1BEB-4C2D-B45B-7EBEA57C3131}.Debug|Any CPU.Build.0 = Debug|Any CPU
		{DDB17F3A-1BEB-4C2D-B45B-7EBEA57C3131}.Release|Any CPU.ActiveCfg = Release|Any CPU
		{DDB17F3A-1BEB-4C2D-B45B-7EBEA57C3131}.Release|Any CPU.Build.0 = Release|Any CPU
		{8611F02F-C458-489C-A9D4-C79E2ED68DE7}.Debug|Any CPU.ActiveCfg = Debug|Any CPU
		{8611F02F-C458-489C-A9D4-C79E2ED68DE7}.Debug|Any CPU.Build.0 = Debug|Any CPU
		{8611F02F-C458-489C-A9D4-C79E2ED68DE7}.Release|Any CPU.ActiveCfg = Release|Any CPU
		{8611F02F-C458-489C-A9D4-C79E2ED68DE7}.Release|Any CPU.Build.0 = Release|Any CPU
	EndGlobalSection
	GlobalSection(SolutionProperties) = preSolution
		HideSolutionNode = FALSE
	EndGlobalSection
	GlobalSection(ExtensibilityGlobals) = postSolution
		SolutionGuid = {7834FDB6-82AA-4592-88C4-AE551AAC0130}
	EndGlobalSection
EndGlobal
