
Microsoft Visual Studio Solution File, Format Version 12.00
# Visual Studio Version 16
VisualStudioVersion = 16.0.30001.183
MinimumVisualStudioVersion = 10.0.40219.1
Project("{9A19103F-16F7-4668-BE54-9A1E7A4F7556}") = "Encodings", "Encodings.csproj", "{7D92631B-9D4D-454A-A170-612D81184139}"
EndProject
Global
	GlobalSection(SolutionConfigurationPlatforms) = preSolution
		Debug|Any CPU = Debug|Any CPU
		Release|Any CPU = Release|Any CPU
	EndGlobalSection
	GlobalSection(ProjectConfigurationPlatforms) = postSolution
		{7D92631B-9D4D-454A-A170-612D81184139}.Debug|Any CPU.ActiveCfg = Debug|Any CPU
		{7D92631B-9D4D-454A-A170-612D81184139}.Debug|Any CPU.Build.0 = Debug|Any CPU
		{7D92631B-9D4D-454A-A170-612D81184139}.Release|Any CPU.ActiveCfg = Release|Any CPU
		{7D92631B-9D4D-454A-A170-612D81184139}.Release|Any CPU.Build.0 = Release|Any CPU
	EndGlobalSection
	GlobalSection(SolutionProperties) = preSolution
		HideSolutionNode = FALSE
	EndGlobalSection
	GlobalSection(ExtensibilityGlobals) = postSolution
		SolutionGuid = {3783A7E3-F0E3-4ED5-A3D6-1F4AE4578161}
	EndGlobalSection
EndGlobal
